// !$*UTF8*$!
{
	archiveVersion = 1;
	classes = {
	};
	objectVersion = 48;
	objects = {

/* Begin PBXBuildFile section */
		580A951B201057BB003ACE27 /* TripTableViewCell.swift in Sources */ = {isa = PBXBuildFile; fileRef = 580A951A201057BB003ACE27 /* TripTableViewCell.swift */; };
		580A951D2011528F003ACE27 /* StatViewController.swift in Sources */ = {isa = PBXBuildFile; fileRef = 580A951C2011528F003ACE27 /* StatViewController.swift */; };
		58B98CDE200FEDD200198D14 /* AppDelegate.swift in Sources */ = {isa = PBXBuildFile; fileRef = 58B98CDD200FEDD200198D14 /* AppDelegate.swift */; };
		58B98CE0200FEDD200198D14 /* TripViewController.swift in Sources */ = {isa = PBXBuildFile; fileRef = 58B98CDF200FEDD200198D14 /* TripViewController.swift */; };
		58B98CE3200FEDD200198D14 /* Main.storyboard in Resources */ = {isa = PBXBuildFile; fileRef = 58B98CE1200FEDD200198D14 /* Main.storyboard */; };
		58B98CE6200FEDD200198D14 /* FishLogger.xcdatamodeld in Sources */ = {isa = PBXBuildFile; fileRef = 58B98CE4200FEDD200198D14 /* FishLogger.xcdatamodeld */; };
		58B98CE8200FEDD200198D14 /* Assets.xcassets in Resources */ = {isa = PBXBuildFile; fileRef = 58B98CE7200FEDD200198D14 /* Assets.xcassets */; };
		58B98CEB200FEDD200198D14 /* LaunchScreen.storyboard in Resources */ = {isa = PBXBuildFile; fileRef = 58B98CE9200FEDD200198D14 /* LaunchScreen.storyboard */; };
		58B98CF5200FF97300198D14 /* TripHandler.swift in Sources */ = {isa = PBXBuildFile; fileRef = 58B98CF4200FF97300198D14 /* TripHandler.swift */; };
		58B98CF7201004F500198D14 /* AddTripViewController.swift in Sources */ = {isa = PBXBuildFile; fileRef = 58B98CF6201004F500198D14 /* AddTripViewController.swift */; };
		58C647822011CD030064D587 /* PhotoSelectionController.swift in Sources */ = {isa = PBXBuildFile; fileRef = 58C647812011CD030064D587 /* PhotoSelectionController.swift */; };
/* End PBXBuildFile section */

/* Begin PBXFileReference section */
		580A951A201057BB003ACE27 /* TripTableViewCell.swift */ = {isa = PBXFileReference; lastKnownFileType = sourcecode.swift; path = TripTableViewCell.swift; sourceTree = "<group>"; };
		580A951C2011528F003ACE27 /* StatViewController.swift */ = {isa = PBXFileReference; lastKnownFileType = sourcecode.swift; path = StatViewController.swift; sourceTree = "<group>"; };
		58B98CDA200FEDD200198D14 /* FishLogger.app */ = {isa = PBXFileReference; explicitFileType = wrapper.application; includeInIndex = 0; path = FishLogger.app; sourceTree = BUILT_PRODUCTS_DIR; };
		58B98CDD200FEDD200198D14 /* AppDelegate.swift */ = {isa = PBXFileReference; lastKnownFileType = sourcecode.swift; path = AppDelegate.swift; sourceTree = "<group>"; };
		58B98CDF200FEDD200198D14 /* TripViewController.swift */ = {isa = PBXFileReference; lastKnownFileType = sourcecode.swift; path = TripViewController.swift; sourceTree = "<group>"; };
		58B98CE2200FEDD200198D14 /* Base */ = {isa = PBXFileReference; lastKnownFileType = file.storyboard; name = Base; path = Base.lproj/Main.storyboard; sourceTree = "<group>"; };
		58B98CE5200FEDD200198D14 /* FishLogger.xcdatamodel */ = {isa = PBXFileReference; lastKnownFileType = wrapper.xcdatamodel; path = FishLogger.xcdatamodel; sourceTree = "<group>"; };
		58B98CE7200FEDD200198D14 /* Assets.xcassets */ = {isa = PBXFileReference; lastKnownFileType = folder.assetcatalog; path = Assets.xcassets; sourceTree = "<group>"; };
		58B98CEA200FEDD200198D14 /* Base */ = {isa = PBXFileReference; lastKnownFileType = file.storyboard; name = Base; path = Base.lproj/LaunchScreen.storyboard; sourceTree = "<group>"; };
		58B98CEC200FEDD200198D14 /* Info.plist */ = {isa = PBXFileReference; lastKnownFileType = text.plist.xml; path = Info.plist; sourceTree = "<group>"; };
		58B98CF4200FF97300198D14 /* TripHandler.swift */ = {isa = PBXFileReference; lastKnownFileType = sourcecode.swift; path = TripHandler.swift; sourceTree = "<group>"; };
		58B98CF6201004F500198D14 /* AddTripViewController.swift */ = {isa = PBXFileReference; lastKnownFileType = sourcecode.swift; path = AddTripViewController.swift; sourceTree = "<group>"; };
		58C647812011CD030064D587 /* PhotoSelectionController.swift */ = {isa = PBXFileReference; lastKnownFileType = sourcecode.swift; path = PhotoSelectionController.swift; sourceTree = "<group>"; };
/* End PBXFileReference section */

/* Begin PBXFrameworksBuildPhase section */
		58B98CD7200FEDD200198D14 /* Frameworks */ = {
			isa = PBXFrameworksBuildPhase;
			buildActionMask = 2147483647;
			files = (
			);
			runOnlyForDeploymentPostprocessing = 0;
		};
/* End PBXFrameworksBuildPhase section */

/* Begin PBXGroup section */
		58B98CD1200FEDD200198D14 = {
			isa = PBXGroup;
			children = (
				58B98CDC200FEDD200198D14 /* FishLogger */,
				58B98CDB200FEDD200198D14 /* Products */,
			);
			sourceTree = "<group>";
		};
		58B98CDB200FEDD200198D14 /* Products */ = {
			isa = PBXGroup;
			children = (
				58B98CDA200FEDD200198D14 /* FishLogger.app */,
			);
			name = Products;
			sourceTree = "<group>";
		};
		58B98CDC200FEDD200198D14 /* FishLogger */ = {
			isa = PBXGroup;
			children = (
				58B98CDD200FEDD200198D14 /* AppDelegate.swift */,
				58B98CDF200FEDD200198D14 /* TripViewController.swift */,
				580A951A201057BB003ACE27 /* TripTableViewCell.swift */,
				58B98CF4200FF97300198D14 /* TripHandler.swift */,
				58B98CE1200FEDD200198D14 /* Main.storyboard */,
				58C647812011CD030064D587 /* PhotoSelectionController.swift */,
				580A951C2011528F003ACE27 /* StatViewController.swift */,
				58B98CF6201004F500198D14 /* AddTripViewController.swift */,
				58B98CE7200FEDD200198D14 /* Assets.xcassets */,
				58B98CE9200FEDD200198D14 /* LaunchScreen.storyboard */,
				58B98CEC200FEDD200198D14 /* Info.plist */,
				58B98CE4200FEDD200198D14 /* FishLogger.xcdatamodeld */,
			);
			path = FishLogger;
			sourceTree = "<group>";
		};
/* End PBXGroup section */

/* Begin PBXNativeTarget section */
		58B98CD9200FEDD200198D14 /* FishLogger */ = {
			isa = PBXNativeTarget;
			buildConfigurationList = 58B98CEF200FEDD200198D14 /* Build configuration list for PBXNativeTarget "FishLogger" */;
			buildPhases = (
				58B98CD6200FEDD200198D14 /* Sources */,
				58B98CD7200FEDD200198D14 /* Frameworks */,
				58B98CD8200FEDD200198D14 /* Resources */,
			);
			buildRules = (
			);
			dependencies = (
			);
			name = FishLogger;
			productName = FishLogger;
			productReference = 58B98CDA200FEDD200198D14 /* FishLogger.app */;
			productType = "com.apple.product-type.application";
		};
/* End PBXNativeTarget section */

/* Begin PBXProject section */
		58B98CD2200FEDD200198D14 /* Project object */ = {
			isa = PBXProject;
			attributes = {
				LastSwiftUpdateCheck = 0920;
				LastUpgradeCheck = 0920;
				ORGANIZATIONNAME = "Jamie Lovette Labs";
				TargetAttributes = {
					58B98CD9200FEDD200198D14 = {
						CreatedOnToolsVersion = 9.2;
						ProvisioningStyle = Automatic;
					};
				};
			};
			buildConfigurationList = 58B98CD5200FEDD200198D14 /* Build configuration list for PBXProject "FishLogger" */;
			compatibilityVersion = "Xcode 8.0";
			developmentRegion = en;
			hasScannedForEncodings = 0;
			knownRegions = (
				en,
				Base,
			);
			mainGroup = 58B98CD1200FEDD200198D14;
			productRefGroup = 58B98CDB200FEDD200198D14 /* Products */;
			projectDirPath = "";
			projectRoot = "";
			targets = (
				58B98CD9200FEDD200198D14 /* FishLogger */,
			);
		};
/* End PBXProject section */

/* Begin PBXResourcesBuildPhase section */
		58B98CD8200FEDD200198D14 /* Resources */ = {
			isa = PBXResourcesBuildPhase;
			buildActionMask = 2147483647;
			files = (
				58B98CEB200FEDD200198D14 /* LaunchScreen.storyboard in Resources */,
				58B98CE8200FEDD200198D14 /* Assets.xcassets in Resources */,
				58B98CE3200FEDD200198D14 /* Main.storyboard in Resources */,
			);
			runOnlyForDeploymentPostprocessing = 0;
		};
/* End PBXResourcesBuildPhase section */

/* Begin PBXSourcesBuildPhase section */
		58B98CD6200FEDD200198D14 /* Sources */ = {
			isa = PBXSourcesBuildPhase;
			buildActionMask = 2147483647;
			files = (
				58B98CF7201004F500198D14 /* AddTripViewController.swift in Sources */,
				58B98CE6200FEDD200198D14 /* FishLogger.xcdatamodeld in Sources */,
				580A951D2011528F003ACE27 /* StatViewController.swift in Sources */,
				58B98CF5200FF97300198D14 /* TripHandler.swift in Sources */,
				580A951B201057BB003ACE27 /* TripTableViewCell.swift in Sources */,
				58C647822011CD030064D587 /* PhotoSelectionController.swift in Sources */,
				58B98CE0200FEDD200198D14 /* TripViewController.swift in Sources */,
				58B98CDE200FEDD200198D14 /* AppDelegate.swift in Sources */,
			);
			runOnlyForDeploymentPostprocessing = 0;
		};
/* End PBXSourcesBuildPhase section */

/* Begin PBXVariantGroup section */
		58B98CE1200FEDD200198D14 /* Main.storyboard */ = {
			isa = PBXVariantGroup;
			children = (
				58B98CE2200FEDD200198D14 /* Base */,
			);
			name = Main.storyboard;
			sourceTree = "<group>";
		};
		58B98CE9200FEDD200198D14 /* LaunchScreen.storyboard */ = {
			isa = PBXVariantGroup;
			children = (
				58B98CEA200FEDD200198D14 /* Base */,
			);
			name = LaunchScreen.storyboard;
			sourceTree = "<group>";
		};
/* End PBXVariantGroup section */

/* Begin XCBuildConfiguration section */
		58B98CED200FEDD200198D14 /* Debug */ = {
			isa = XCBuildConfiguration;
			buildSettings = {
				ALWAYS_SEARCH_USER_PATHS = NO;
				CLANG_ANALYZER_NONNULL = YES;
				CLANG_ANALYZER_NUMBER_OBJECT_CONVERSION = YES_AGGRESSIVE;
				CLANG_CXX_LANGUAGE_STANDARD = "gnu++14";
				CLANG_CXX_LIBRARY = "libc++";
				CLANG_ENABLE_MODULES = YES;
				CLANG_ENABLE_OBJC_ARC = YES;
				CLANG_WARN_BLOCK_CAPTURE_AUTORELEASING = YES;
				CLANG_WARN_BOOL_CONVERSION = YES;
				CLANG_WARN_COMMA = YES;
				CLANG_WARN_CONSTANT_CONVERSION = YES;
				CLANG_WARN_DIRECT_OBJC_ISA_USAGE = YES_ERROR;
				CLANG_WARN_DOCUMENTATION_COMMENTS = YES;
				CLANG_WARN_EMPTY_BODY = YES;
				CLANG_WARN_ENUM_CONVERSION = YES;
				CLANG_WARN_INFINITE_RECURSION = YES;
				CLANG_WARN_INT_CONVERSION = YES;
				CLANG_WARN_NON_LITERAL_NULL_CONVERSION = YES;
				CLANG_WARN_OBJC_LITERAL_CONVERSION = YES;
				CLANG_WARN_OBJC_ROOT_CLASS = YES_ERROR;
				CLANG_WARN_RANGE_LOOP_ANALYSIS = YES;
				CLANG_WARN_STRICT_PROTOTYPES = YES;
				CLANG_WARN_SUSPICIOUS_MOVE = YES;
				CLANG_WARN_UNGUARDED_AVAILABILITY = YES_AGGRESSIVE;
				CLANG_WARN_UNREACHABLE_CODE = YES;
				CLANG_WARN__DUPLICATE_METHOD_MATCH = YES;
				CODE_SIGN_IDENTITY = "iPhone Developer";
				COPY_PHASE_STRIP = NO;
				DEBUG_INFORMATION_FORMAT = dwarf;
				ENABLE_STRICT_OBJC_MSGSEND = YES;
				ENABLE_TESTABILITY = YES;
				GCC_C_LANGUAGE_STANDARD = gnu11;
				GCC_DYNAMIC_NO_PIC = NO;
				GCC_NO_COMMON_BLOCKS = YES;
				GCC_OPTIMIZATION_LEVEL = 0;
				GCC_PREPROCESSOR_DEFINITIONS = (
					"DEBUG=1",
					"$(inherited)",
				);
				GCC_WARN_64_TO_32_BIT_CONVERSION = YES;
				GCC_WARN_ABOUT_RETURN_TYPE = YES_ERROR;
				GCC_WARN_UNDECLARED_SELECTOR = YES;
				GCC_WARN_UNINITIALIZED_AUTOS = YES_AGGRESSIVE;
				GCC_WARN_UNUSED_FUNCTION = YES;
				GCC_WARN_UNUSED_VARIABLE = YES;
				IPHONEOS_DEPLOYMENT_TARGET = 11.2;
				MTL_ENABLE_DEBUG_INFO = YES;
				ONLY_ACTIVE_ARCH = YES;
				SDKROOT = iphoneos;
				SWIFT_ACTIVE_COMPILATION_CONDITIONS = DEBUG;
				SWIFT_OPTIMIZATION_LEVEL = "-Onone";
			};
			name = Debug;
		};
		58B98CEE200FEDD200198D14 /* Release */ = {
			isa = XCBuildConfiguration;
			buildSettings = {
				ALWAYS_SEARCH_USER_PATHS = NO;
				CLANG_ANALYZER_NONNULL = YES;
				CLANG_ANALYZER_NUMBER_OBJECT_CONVERSION = YES_AGGRESSIVE;
				CLANG_CXX_LANGUAGE_STANDARD = "gnu++14";
				CLANG_CXX_LIBRARY = "libc++";
				CLANG_ENABLE_MODULES = YES;
				CLANG_ENABLE_OBJC_ARC = YES;
				CLANG_WARN_BLOCK_CAPTURE_AUTORELEASING = YES;
				CLANG_WARN_BOOL_CONVERSION = YES;
				CLANG_WARN_COMMA = YES;
				CLANG_WARN_CONSTANT_CONVERSION = YES;
				CLANG_WARN_DIRECT_OBJC_ISA_USAGE = YES_ERROR;
				CLANG_WARN_DOCUMENTATION_COMMENTS = YES;
				CLANG_WARN_EMPTY_BODY = YES;
				CLANG_WARN_ENUM_CONVERSION = YES;
				CLANG_WARN_INFINITE_RECURSION = YES;
				CLANG_WARN_INT_CONVERSION = YES;
				CLANG_WARN_NON_LITERAL_NULL_CONVERSION = YES;
				CLANG_WARN_OBJC_LITERAL_CONVERSION = YES;
				CLANG_WARN_OBJC_ROOT_CLASS = YES_ERROR;
				CLANG_WARN_RANGE_LOOP_ANALYSIS = YES;
				CLANG_WARN_STRICT_PROTOTYPES = YES;
				CLANG_WARN_SUSPICIOUS_MOVE = YES;
				CLANG_WARN_UNGUARDED_AVAILABILITY = YES_AGGRESSIVE;
				CLANG_WARN_UNREACHABLE_CODE = YES;
				CLANG_WARN__DUPLICATE_METHOD_MATCH = YES;
				CODE_SIGN_IDENTITY = "iPhone Developer";
				COPY_PHASE_STRIP = NO;
				DEBUG_INFORMATION_FORMAT = "dwarf-with-dsym";
				ENABLE_NS_ASSERTIONS = NO;
				ENABLE_STRICT_OBJC_MSGSEND = YES;
				GCC_C_LANGUAGE_STANDARD = gnu11;
				GCC_NO_COMMON_BLOCKS = YES;
				GCC_WARN_64_TO_32_BIT_CONVERSION = YES;
				GCC_WARN_ABOUT_RETURN_TYPE = YES_ERROR;
				GCC_WARN_UNDECLARED_SELECTOR = YES;
				GCC_WARN_UNINITIALIZED_AUTOS = YES_AGGRESSIVE;
				GCC_WARN_UNUSED_FUNCTION = YES;
				GCC_WARN_UNUSED_VARIABLE = YES;
				IPHONEOS_DEPLOYMENT_TARGET = 11.2;
				MTL_ENABLE_DEBUG_INFO = NO;
				SDKROOT = iphoneos;
				SWIFT_OPTIMIZATION_LEVEL = "-Owholemodule";
				VALIDATE_PRODUCT = YES;
			};
			name = Release;
		};
		58B98CF0200FEDD200198D14 /* Debug */ = {
			isa = XCBuildConfiguration;
			buildSettings = {
				ASSETCATALOG_COMPILER_APPICON_NAME = AppIcon;
				CODE_SIGN_STYLE = Automatic;
				DEVELOPMENT_TEAM = MHZNSHJ44Q;
				INFOPLIST_FILE = FishLogger/Info.plist;
				LD_RUNPATH_SEARCH_PATHS = "$(inherited) @executable_path/Frameworks";
				PRODUCT_BUNDLE_IDENTIFIER = JL.FishLogger;
				PRODUCT_NAME = "$(TARGET_NAME)";
				SWIFT_VERSION = 4.0;
				TARGETED_DEVICE_FAMILY = "1,2";
			};
			name = Debug;
		};
		58B98CF1200FEDD200198D14 /* Release */ = {
			isa = XCBuildConfiguration;
			buildSettings = {
				ASSETCATALOG_COMPILER_APPICON_NAME = AppIcon;
				CODE_SIGN_STYLE = Automatic;
				DEVELOPMENT_TEAM = MHZNSHJ44Q;
				INFOPLIST_FILE = FishLogger/Info.plist;
				LD_RUNPATH_SEARCH_PATHS = "$(inherited) @executable_path/Frameworks";
				PRODUCT_BUNDLE_IDENTIFIER = JL.FishLogger;
				PRODUCT_NAME = "$(TARGET_NAME)";
				SWIFT_VERSION = 4.0;
				TARGETED_DEVICE_FAMILY = "1,2";
			};
			name = Release;
		};
/* End XCBuildConfiguration section */

/* Begin XCConfigurationList section */
		58B98CD5200FEDD200198D14 /* Build configuration list for PBXProject "FishLogger" */ = {
			isa = XCConfigurationList;
			buildConfigurations = (
				58B98CED200FEDD200198D14 /* Debug */,
				58B98CEE200FEDD200198D14 /* Release */,
			);
			defaultConfigurationIsVisible = 0;
			defaultConfigurationName = Release;
		};
		58B98CEF200FEDD200198D14 /* Build configuration list for PBXNativeTarget "FishLogger" */ = {
			isa = XCConfigurationList;
			buildConfigurations = (
				58B98CF0200FEDD200198D14 /* Debug */,
				58B98CF1200FEDD200198D14 /* Release */,
			);
			defaultConfigurationIsVisible = 0;
			defaultConfigurationName = Release;
		};
/* End XCConfigurationList section */

/* Begin XCVersionGroup section */
		58B98CE4200FEDD200198D14 /* FishLogger.xcdatamodeld */ = {
			isa = XCVersionGroup;
			children = (
				58B98CE5200FEDD200198D14 /* FishLogger.xcdatamodel */,
			);
			currentVersion = 58B98CE5200FEDD200198D14 /* FishLogger.xcdatamodel */;
			path = FishLogger.xcdatamodeld;
			sourceTree = "<group>";
			versionGroupType = wrapper.xcdatamodel;
		};
/* End XCVersionGroup section */
	};
	rootObject = 58B98CD2200FEDD200198D14 /* Project object */;
}
